// !$*UTF8*$!
{
	archiveVersion = 1;
	classes = {
	};
	objectVersion = 50;
	objects = {

/* Begin PBXBuildFile section */
		031B98AE6A87D2AF42723802 /* Pods_ArticleApp.framework in Frameworks */ = {isa = PBXBuildFile; fileRef = 3CA653E69B8D1E2D429CAFD6 /* Pods_ArticleApp.framework */; };
		07186C94220E625400C34E45 /* TableViewCell.swift in Sources */ = {isa = PBXBuildFile; fileRef = 07186C92220E625400C34E45 /* TableViewCell.swift */; };
		07186C95220E625400C34E45 /* TableViewCell.xib in Resources */ = {isa = PBXBuildFile; fileRef = 07186C93220E625400C34E45 /* TableViewCell.xib */; };
		0747B1102217A29400C069CE /* APIManager.swift in Sources */ = {isa = PBXBuildFile; fileRef = 0747B10F2217A29400C069CE /* APIManager.swift */; };
		0747B1132217A4AE00C069CE /* ArticleServiceDelegate.swift in Sources */ = {isa = PBXBuildFile; fileRef = 0747B1122217A4AE00C069CE /* ArticleServiceDelegate.swift */; };
		0747B1152217B8F200C069CE /* ArticlePresenter.swift in Sources */ = {isa = PBXBuildFile; fileRef = 0747B1142217B8F200C069CE /* ArticlePresenter.swift */; };
		0747B1172217B8FF00C069CE /* ArticlePresenterDelegate.swift in Sources */ = {isa = PBXBuildFile; fileRef = 0747B1162217B8FF00C069CE /* ArticlePresenterDelegate.swift */; };
		077F08622206854500C23293 /* AppDelegate.swift in Sources */ = {isa = PBXBuildFile; fileRef = 077F08612206854500C23293 /* AppDelegate.swift */; };
		077F08642206854500C23293 /* ViewController.swift in Sources */ = {isa = PBXBuildFile; fileRef = 077F08632206854500C23293 /* ViewController.swift */; };
		077F08672206854500C23293 /* Main.storyboard in Resources */ = {isa = PBXBuildFile; fileRef = 077F08652206854500C23293 /* Main.storyboard */; };
		077F08692206854700C23293 /* Assets.xcassets in Resources */ = {isa = PBXBuildFile; fileRef = 077F08682206854700C23293 /* Assets.xcassets */; };
		077F086C2206854700C23293 /* LaunchScreen.storyboard in Resources */ = {isa = PBXBuildFile; fileRef = 077F086A2206854700C23293 /* LaunchScreen.storyboard */; };
		077F08752206864500C23293 /* ArticleService.swift in Sources */ = {isa = PBXBuildFile; fileRef = 077F08742206864500C23293 /* ArticleService.swift */; };
		077F087822068C8200C23293 /* Article.swift in Sources */ = {isa = PBXBuildFile; fileRef = 077F087722068C8200C23293 /* Article.swift */; };
		077F087A22068CE700C23293 /* Category.swift in Sources */ = {isa = PBXBuildFile; fileRef = 077F087922068CE700C23293 /* Category.swift */; };
		07913D97220E741200ADE5E2 /* AddArticleViewController.swift in Sources */ = {isa = PBXBuildFile; fileRef = 07913D96220E741200ADE5E2 /* AddArticleViewController.swift */; };
/* End PBXBuildFile section */

/* Begin PBXFileReference section */
		07186C92220E625400C34E45 /* TableViewCell.swift */ = {isa = PBXFileReference; lastKnownFileType = sourcecode.swift; path = TableViewCell.swift; sourceTree = "<group>"; };
		07186C93220E625400C34E45 /* TableViewCell.xib */ = {isa = PBXFileReference; lastKnownFileType = file.xib; path = TableViewCell.xib; sourceTree = "<group>"; };
		0747B10F2217A29400C069CE /* APIManager.swift */ = {isa = PBXFileReference; lastKnownFileType = sourcecode.swift; path = APIManager.swift; sourceTree = "<group>"; };
		0747B1122217A4AE00C069CE /* ArticleServiceDelegate.swift */ = {isa = PBXFileReference; lastKnownFileType = sourcecode.swift; path = ArticleServiceDelegate.swift; sourceTree = "<group>"; };
		0747B1142217B8F200C069CE /* ArticlePresenter.swift */ = {isa = PBXFileReference; lastKnownFileType = sourcecode.swift; path = ArticlePresenter.swift; sourceTree = "<group>"; };
		0747B1162217B8FF00C069CE /* ArticlePresenterDelegate.swift */ = {isa = PBXFileReference; lastKnownFileType = sourcecode.swift; path = ArticlePresenterDelegate.swift; sourceTree = "<group>"; };
		077F085E2206854500C23293 /* ArticleApp.app */ = {isa = PBXFileReference; explicitFileType = wrapper.application; includeInIndex = 0; path = ArticleApp.app; sourceTree = BUILT_PRODUCTS_DIR; };
		077F08612206854500C23293 /* AppDelegate.swift */ = {isa = PBXFileReference; lastKnownFileType = sourcecode.swift; path = AppDelegate.swift; sourceTree = "<group>"; };
		077F08632206854500C23293 /* ViewController.swift */ = {isa = PBXFileReference; lastKnownFileType = sourcecode.swift; path = ViewController.swift; sourceTree = "<group>"; };
		077F08662206854500C23293 /* Base */ = {isa = PBXFileReference; lastKnownFileType = file.storyboard; name = Base; path = Base.lproj/Main.storyboard; sourceTree = "<group>"; };
		077F08682206854700C23293 /* Assets.xcassets */ = {isa = PBXFileReference; lastKnownFileType = folder.assetcatalog; path = Assets.xcassets; sourceTree = "<group>"; };
		077F086B2206854700C23293 /* Base */ = {isa = PBXFileReference; lastKnownFileType = file.storyboard; name = Base; path = Base.lproj/LaunchScreen.storyboard; sourceTree = "<group>"; };
		077F086D2206854700C23293 /* Info.plist */ = {isa = PBXFileReference; lastKnownFileType = text.plist.xml; path = Info.plist; sourceTree = "<group>"; };
		077F08742206864500C23293 /* ArticleService.swift */ = {isa = PBXFileReference; lastKnownFileType = sourcecode.swift; path = ArticleService.swift; sourceTree = "<group>"; };
		077F087722068C8200C23293 /* Article.swift */ = {isa = PBXFileReference; lastKnownFileType = sourcecode.swift; path = Article.swift; sourceTree = "<group>"; };
		077F087922068CE700C23293 /* Category.swift */ = {isa = PBXFileReference; lastKnownFileType = sourcecode.swift; path = Category.swift; sourceTree = "<group>"; };
		07913D96220E741200ADE5E2 /* AddArticleViewController.swift */ = {isa = PBXFileReference; lastKnownFileType = sourcecode.swift; path = AddArticleViewController.swift; sourceTree = "<group>"; };
		0F3FD6FA27E114445B0DD6A9 /* Pods-ArticleApp.release.xcconfig */ = {isa = PBXFileReference; includeInIndex = 1; lastKnownFileType = text.xcconfig; name = "Pods-ArticleApp.release.xcconfig"; path = "Pods/Target Support Files/Pods-ArticleApp/Pods-ArticleApp.release.xcconfig"; sourceTree = "<group>"; };
		3CA653E69B8D1E2D429CAFD6 /* Pods_ArticleApp.framework */ = {isa = PBXFileReference; explicitFileType = wrapper.framework; includeInIndex = 0; path = Pods_ArticleApp.framework; sourceTree = BUILT_PRODUCTS_DIR; };
		8C6EC85FF1DB51178D96BF91 /* Pods-ArticleApp.debug.xcconfig */ = {isa = PBXFileReference; includeInIndex = 1; lastKnownFileType = text.xcconfig; name = "Pods-ArticleApp.debug.xcconfig"; path = "Pods/Target Support Files/Pods-ArticleApp/Pods-ArticleApp.debug.xcconfig"; sourceTree = "<group>"; };
/* End PBXFileReference section */

/* Begin PBXFrameworksBuildPhase section */
		077F085B2206854500C23293 /* Frameworks */ = {
			isa = PBXFrameworksBuildPhase;
			buildActionMask = 2147483647;
			files = (
				031B98AE6A87D2AF42723802 /* Pods_ArticleApp.framework in Frameworks */,
			);
			runOnlyForDeploymentPostprocessing = 0;
		};
/* End PBXFrameworksBuildPhase section */

/* Begin PBXGroup section */
		0747B10A22179ED800C069CE /* Controllers */ = {
			isa = PBXGroup;
			children = (
				07913D96220E741200ADE5E2 /* AddArticleViewController.swift */,
				077F08632206854500C23293 /* ViewController.swift */,
			);
			path = Controllers;
			sourceTree = "<group>";
		};
		0747B10B22179F1A00C069CE /* Views */ = {
			isa = PBXGroup;
			children = (
				0747B10C22179F4500C069CE /* Nib Files */,
				077F08652206854500C23293 /* Main.storyboard */,
				077F086A2206854700C23293 /* LaunchScreen.storyboard */,
			);
			path = Views;
			sourceTree = "<group>";
		};
		0747B10C22179F4500C069CE /* Nib Files */ = {
			isa = PBXGroup;
			children = (
				07186C92220E625400C34E45 /* TableViewCell.swift */,
				07186C93220E625400C34E45 /* TableViewCell.xib */,
			);
			path = "Nib Files";
			sourceTree = "<group>";
		};
		0747B10D22179F7800C069CE /* Supporting Files */ = {
			isa = PBXGroup;
			children = (
				077F08682206854700C23293 /* Assets.xcassets */,
				077F086D2206854700C23293 /* Info.plist */,
			);
			path = "Supporting Files";
			sourceTree = "<group>";
		};
		0747B10E2217A04300C069CE /* Presenters */ = {
			isa = PBXGroup;
			children = (
				0747B1142217B8F200C069CE /* ArticlePresenter.swift */,
				0747B1162217B8FF00C069CE /* ArticlePresenterDelegate.swift */,
			);
			path = Presenters;
			sourceTree = "<group>";
		};
		0747B1112217A49300C069CE /* Article */ = {
			isa = PBXGroup;
			children = (
				077F08742206864500C23293 /* ArticleService.swift */,
				0747B1122217A4AE00C069CE /* ArticleServiceDelegate.swift */,
			);
			path = Article;
			sourceTree = "<group>";
		};
		077F08552206854500C23293 = {
			isa = PBXGroup;
			children = (
				077F08602206854500C23293 /* ArticleApp */,
				077F085F2206854500C23293 /* Products */,
				8BA03FB63A37EF6B5B92EA22 /* Pods */,
				F1B3A9FCAB80E41A7A35877C /* Frameworks */,
			);
			sourceTree = "<group>";
		};
		077F085F2206854500C23293 /* Products */ = {
			isa = PBXGroup;
			children = (
				077F085E2206854500C23293 /* ArticleApp.app */,
			);
			name = Products;
			sourceTree = "<group>";
		};
		077F08602206854500C23293 /* ArticleApp */ = {
			isa = PBXGroup;
			children = (
				077F08612206854500C23293 /* AppDelegate.swift */,
				0747B10B22179F1A00C069CE /* Views */,
				0747B10A22179ED800C069CE /* Controllers */,
				0747B10E2217A04300C069CE /* Presenters */,
				077F08732206863500C23293 /* Services */,
				077F087622068C7600C23293 /* Model */,
				0747B10D22179F7800C069CE /* Supporting Files */,
			);
			path = ArticleApp;
			sourceTree = "<group>";
		};
		077F08732206863500C23293 /* Services */ = {
			isa = PBXGroup;
			children = (
				0747B1112217A49300C069CE /* Article */,
				0747B10F2217A29400C069CE /* APIManager.swift */,
			);
			path = Services;
			sourceTree = "<group>";
		};
		077F087622068C7600C23293 /* Model */ = {
			isa = PBXGroup;
			children = (
				077F087722068C8200C23293 /* Article.swift */,
				077F087922068CE700C23293 /* Category.swift */,
			);
			path = Model;
			sourceTree = "<group>";
		};
		8BA03FB63A37EF6B5B92EA22 /* Pods */ = {
			isa = PBXGroup;
			children = (
				8C6EC85FF1DB51178D96BF91 /* Pods-ArticleApp.debug.xcconfig */,
				0F3FD6FA27E114445B0DD6A9 /* Pods-ArticleApp.release.xcconfig */,
			);
			name = Pods;
			sourceTree = "<group>";
		};
		F1B3A9FCAB80E41A7A35877C /* Frameworks */ = {
			isa = PBXGroup;
			children = (
				3CA653E69B8D1E2D429CAFD6 /* Pods_ArticleApp.framework */,
			);
			name = Frameworks;
			sourceTree = "<group>";
		};
/* End PBXGroup section */

/* Begin PBXNativeTarget section */
		077F085D2206854500C23293 /* ArticleApp */ = {
			isa = PBXNativeTarget;
			buildConfigurationList = 077F08702206854700C23293 /* Build configuration list for PBXNativeTarget "ArticleApp" */;
			buildPhases = (
				6DC352B70CC922684B4CC771 /* [CP] Check Pods Manifest.lock */,
				077F085A2206854500C23293 /* Sources */,
				077F085B2206854500C23293 /* Frameworks */,
				077F085C2206854500C23293 /* Resources */,
				40A9CDB1AD7977EC0B2BC32A /* [CP] Embed Pods Frameworks */,
			);
			buildRules = (
			);
			dependencies = (
			);
			name = ArticleApp;
			productName = ArticleApp;
			productReference = 077F085E2206854500C23293 /* ArticleApp.app */;
			productType = "com.apple.product-type.application";
		};
/* End PBXNativeTarget section */

/* Begin PBXProject section */
		077F08562206854500C23293 /* Project object */ = {
			isa = PBXProject;
			attributes = {
				LastSwiftUpdateCheck = 1010;
				LastUpgradeCheck = 1010;
				ORGANIZATIONNAME = "Chhaileng Peng";
				TargetAttributes = {
					077F085D2206854500C23293 = {
						CreatedOnToolsVersion = 10.1;
					};
				};
			};
			buildConfigurationList = 077F08592206854500C23293 /* Build configuration list for PBXProject "ArticleApp" */;
			compatibilityVersion = "Xcode 9.3";
			developmentRegion = en;
			hasScannedForEncodings = 0;
			knownRegions = (
				en,
				Base,
			);
			mainGroup = 077F08552206854500C23293;
			productRefGroup = 077F085F2206854500C23293 /* Products */;
			projectDirPath = "";
			projectRoot = "";
			targets = (
				077F085D2206854500C23293 /* ArticleApp */,
			);
		};
/* End PBXProject section */

/* Begin PBXResourcesBuildPhase section */
		077F085C2206854500C23293 /* Resources */ = {
			isa = PBXResourcesBuildPhase;
			buildActionMask = 2147483647;
			files = (
				077F086C2206854700C23293 /* LaunchScreen.storyboard in Resources */,
				07186C95220E625400C34E45 /* TableViewCell.xib in Resources */,
				077F08692206854700C23293 /* Assets.xcassets in Resources */,
				077F08672206854500C23293 /* Main.storyboard in Resources */,
			);
			runOnlyForDeploymentPostprocessing = 0;
		};
/* End PBXResourcesBuildPhase section */

/* Begin PBXShellScriptBuildPhase section */
		40A9CDB1AD7977EC0B2BC32A /* [CP] Embed Pods Frameworks */ = {
			isa = PBXShellScriptBuildPhase;
			buildActionMask = 2147483647;
			files = (
			);
			inputPaths = (
				"${SRCROOT}/Pods/Target Support Files/Pods-ArticleApp/Pods-ArticleApp-frameworks.sh",
				"${BUILT_PRODUCTS_DIR}/Alamofire/Alamofire.framework",
				"${BUILT_PRODUCTS_DIR}/Kingfisher/Kingfisher.framework",
				"${BUILT_PRODUCTS_DIR}/SwiftyJSON/SwiftyJSON.framework",
			);
			name = "[CP] Embed Pods Frameworks";
			outputPaths = (
				"${TARGET_BUILD_DIR}/${FRAMEWORKS_FOLDER_PATH}/Alamofire.framework",
				"${TARGET_BUILD_DIR}/${FRAMEWORKS_FOLDER_PATH}/Kingfisher.framework",
				"${TARGET_BUILD_DIR}/${FRAMEWORKS_FOLDER_PATH}/SwiftyJSON.framework",
			);
			runOnlyForDeploymentPostprocessing = 0;
			shellPath = /bin/sh;
			shellScript = "\"${SRCROOT}/Pods/Target Support Files/Pods-ArticleApp/Pods-ArticleApp-frameworks.sh\"\n";
			showEnvVarsInLog = 0;
		};
		6DC352B70CC922684B4CC771 /* [CP] Check Pods Manifest.lock */ = {
			isa = PBXShellScriptBuildPhase;
			buildActionMask = 2147483647;
			files = (
			);
			inputPaths = (
				"${PODS_PODFILE_DIR_PATH}/Podfile.lock",
				"${PODS_ROOT}/Manifest.lock",
			);
			name = "[CP] Check Pods Manifest.lock";
			outputPaths = (
				"$(DERIVED_FILE_DIR)/Pods-ArticleApp-checkManifestLockResult.txt",
			);
			runOnlyForDeploymentPostprocessing = 0;
			shellPath = /bin/sh;
			shellScript = "diff \"${PODS_PODFILE_DIR_PATH}/Podfile.lock\" \"${PODS_ROOT}/Manifest.lock\" > /dev/null\nif [ $? != 0 ] ; then\n    # print error to STDERR\n    echo \"error: The sandbox is not in sync with the Podfile.lock. Run 'pod install' or update your CocoaPods installation.\" >&2\n    exit 1\nfi\n# This output is used by Xcode 'outputs' to avoid re-running this script phase.\necho \"SUCCESS\" > \"${SCRIPT_OUTPUT_FILE_0}\"\n";
			showEnvVarsInLog = 0;
		};
/* End PBXShellScriptBuildPhase section */

/* Begin PBXSourcesBuildPhase section */
		077F085A2206854500C23293 /* Sources */ = {
			isa = PBXSourcesBuildPhase;
			buildActionMask = 2147483647;
			files = (
				0747B1102217A29400C069CE /* APIManager.swift in Sources */,
				077F087822068C8200C23293 /* Article.swift in Sources */,
				077F087A22068CE700C23293 /* Category.swift in Sources */,
				0747B1152217B8F200C069CE /* ArticlePresenter.swift in Sources */,
				077F08642206854500C23293 /* ViewController.swift in Sources */,
				07186C94220E625400C34E45 /* TableViewCell.swift in Sources */,
				07913D97220E741200ADE5E2 /* AddArticleViewController.swift in Sources */,
				077F08622206854500C23293 /* AppDelegate.swift in Sources */,
				0747B1172217B8FF00C069CE /* ArticlePresenterDelegate.swift in Sources */,
				077F08752206864500C23293 /* ArticleService.swift in Sources */,
				0747B1132217A4AE00C069CE /* ArticleServiceDelegate.swift in Sources */,
			);
			runOnlyForDeploymentPostprocessing = 0;
		};
/* End PBXSourcesBuildPhase section */

/* Begin PBXVariantGroup section */
		077F08652206854500C23293 /* Main.storyboard */ = {
			isa = PBXVariantGroup;
			children = (
				077F08662206854500C23293 /* Base */,
			);
			name = Main.storyboard;
			sourceTree = "<group>";
		};
		077F086A2206854700C23293 /* LaunchScreen.storyboard */ = {
			isa = PBXVariantGroup;
			children = (
				077F086B2206854700C23293 /* Base */,
			);
			name = LaunchScreen.storyboard;
			sourceTree = "<group>";
		};
/* End PBXVariantGroup section */

/* Begin XCBuildConfiguration section */
		077F086E2206854700C23293 /* Debug */ = {
			isa = XCBuildConfiguration;
			buildSettings = {
				ALWAYS_SEARCH_USER_PATHS = NO;
				CLANG_ANALYZER_NONNULL = YES;
				CLANG_ANALYZER_NUMBER_OBJECT_CONVERSION = YES_AGGRESSIVE;
				CLANG_CXX_LANGUAGE_STANDARD = "gnu++14";
				CLANG_CXX_LIBRARY = "libc++";
				CLANG_ENABLE_MODULES = YES;
				CLANG_ENABLE_OBJC_ARC = YES;
				CLANG_ENABLE_OBJC_WEAK = YES;
				CLANG_WARN_BLOCK_CAPTURE_AUTORELEASING = YES;
				CLANG_WARN_BOOL_CONVERSION = YES;
				CLANG_WARN_COMMA = YES;
				CLANG_WARN_CONSTANT_CONVERSION = YES;
				CLANG_WARN_DEPRECATED_OBJC_IMPLEMENTATIONS = YES;
				CLANG_WARN_DIRECT_OBJC_ISA_USAGE = YES_ERROR;
				CLANG_WARN_DOCUMENTATION_COMMENTS = YES;
				CLANG_WARN_EMPTY_BODY = YES;
				CLANG_WARN_ENUM_CONVERSION = YES;
				CLANG_WARN_INFINITE_RECURSION = YES;
				CLANG_WARN_INT_CONVERSION = YES;
				CLANG_WARN_NON_LITERAL_NULL_CONVERSION = YES;
				CLANG_WARN_OBJC_IMPLICIT_RETAIN_SELF = YES;
				CLANG_WARN_OBJC_LITERAL_CONVERSION = YES;
				CLANG_WARN_OBJC_ROOT_CLASS = YES_ERROR;
				CLANG_WARN_RANGE_LOOP_ANALYSIS = YES;
				CLANG_WARN_STRICT_PROTOTYPES = YES;
				CLANG_WARN_SUSPICIOUS_MOVE = YES;
				CLANG_WARN_UNGUARDED_AVAILABILITY = YES_AGGRESSIVE;
				CLANG_WARN_UNREACHABLE_CODE = YES;
				CLANG_WARN__DUPLICATE_METHOD_MATCH = YES;
				CODE_SIGN_IDENTITY = "iPhone Developer";
				COPY_PHASE_STRIP = NO;
				DEBUG_INFORMATION_FORMAT = dwarf;
				ENABLE_STRICT_OBJC_MSGSEND = YES;
				ENABLE_TESTABILITY = YES;
				GCC_C_LANGUAGE_STANDARD = gnu11;
				GCC_DYNAMIC_NO_PIC = NO;
				GCC_NO_COMMON_BLOCKS = YES;
				GCC_OPTIMIZATION_LEVEL = 0;
				GCC_PREPROCESSOR_DEFINITIONS = (
					"DEBUG=1",
					"$(inherited)",
				);
				GCC_WARN_64_TO_32_BIT_CONVERSION = YES;
				GCC_WARN_ABOUT_RETURN_TYPE = YES_ERROR;
				GCC_WARN_UNDECLARED_SELECTOR = YES;
				GCC_WARN_UNINITIALIZED_AUTOS = YES_AGGRESSIVE;
				GCC_WARN_UNUSED_FUNCTION = YES;
				GCC_WARN_UNUSED_VARIABLE = YES;
				IPHONEOS_DEPLOYMENT_TARGET = 12.1;
				MTL_ENABLE_DEBUG_INFO = INCLUDE_SOURCE;
				MTL_FAST_MATH = YES;
				ONLY_ACTIVE_ARCH = YES;
				SDKROOT = iphoneos;
				SWIFT_ACTIVE_COMPILATION_CONDITIONS = DEBUG;
				SWIFT_OPTIMIZATION_LEVEL = "-Onone";
			};
			name = Debug;
		};
		077F086F2206854700C23293 /* Release */ = {
			isa = XCBuildConfiguration;
			buildSettings = {
				ALWAYS_SEARCH_USER_PATHS = NO;
				CLANG_ANALYZER_NONNULL = YES;
				CLANG_ANALYZER_NUMBER_OBJECT_CONVERSION = YES_AGGRESSIVE;
				CLANG_CXX_LANGUAGE_STANDARD = "gnu++14";
				CLANG_CXX_LIBRARY = "libc++";
				CLANG_ENABLE_MODULES = YES;
				CLANG_ENABLE_OBJC_ARC = YES;
				CLANG_ENABLE_OBJC_WEAK = YES;
				CLANG_WARN_BLOCK_CAPTURE_AUTORELEASING = YES;
				CLANG_WARN_BOOL_CONVERSION = YES;
				CLANG_WARN_COMMA = YES;
				CLANG_WARN_CONSTANT_CONVERSION = YES;
				CLANG_WARN_DEPRECATED_OBJC_IMPLEMENTATIONS = YES;
				CLANG_WARN_DIRECT_OBJC_ISA_USAGE = YES_ERROR;
				CLANG_WARN_DOCUMENTATION_COMMENTS = YES;
				CLANG_WARN_EMPTY_BODY = YES;
				CLANG_WARN_ENUM_CONVERSION = YES;
				CLANG_WARN_INFINITE_RECURSION = YES;
				CLANG_WARN_INT_CONVERSION = YES;
				CLANG_WARN_NON_LITERAL_NULL_CONVERSION = YES;
				CLANG_WARN_OBJC_IMPLICIT_RETAIN_SELF = YES;
				CLANG_WARN_OBJC_LITERAL_CONVERSION = YES;
				CLANG_WARN_OBJC_ROOT_CLASS = YES_ERROR;
				CLANG_WARN_RANGE_LOOP_ANALYSIS = YES;
				CLANG_WARN_STRICT_PROTOTYPES = YES;
				CLANG_WARN_SUSPICIOUS_MOVE = YES;
				CLANG_WARN_UNGUARDED_AVAILABILITY = YES_AGGRESSIVE;
				CLANG_WARN_UNREACHABLE_CODE = YES;
				CLANG_WARN__DUPLICATE_METHOD_MATCH = YES;
				CODE_SIGN_IDENTITY = "iPhone Developer";
				COPY_PHASE_STRIP = NO;
				DEBUG_INFORMATION_FORMAT = "dwarf-with-dsym";
				ENABLE_NS_ASSERTIONS = NO;
				ENABLE_STRICT_OBJC_MSGSEND = YES;
				GCC_C_LANGUAGE_STANDARD = gnu11;
				GCC_NO_COMMON_BLOCKS = YES;
				GCC_WARN_64_TO_32_BIT_CONVERSION = YES;
				GCC_WARN_ABOUT_RETURN_TYPE = YES_ERROR;
				GCC_WARN_UNDECLARED_SELECTOR = YES;
				GCC_WARN_UNINITIALIZED_AUTOS = YES_AGGRESSIVE;
				GCC_WARN_UNUSED_FUNCTION = YES;
				GCC_WARN_UNUSED_VARIABLE = YES;
				IPHONEOS_DEPLOYMENT_TARGET = 12.1;
				MTL_ENABLE_DEBUG_INFO = NO;
				MTL_FAST_MATH = YES;
				SDKROOT = iphoneos;
				SWIFT_COMPILATION_MODE = wholemodule;
				SWIFT_OPTIMIZATION_LEVEL = "-O";
				VALIDATE_PRODUCT = YES;
			};
			name = Release;
		};
		077F08712206854700C23293 /* Debug */ = {
			isa = XCBuildConfiguration;
			baseConfigurationReference = 8C6EC85FF1DB51178D96BF91 /* Pods-ArticleApp.debug.xcconfig */;
			buildSettings = {
				ASSETCATALOG_COMPILER_APPICON_NAME = AppIcon;
				CODE_SIGN_IDENTITY = "iPhone Distribution";
				CODE_SIGN_STYLE = Manual;
				DEVELOPMENT_TEAM = 6KKG8KF8QM;
				INFOPLIST_FILE = "$(SRCROOT)/ArticleApp/Supporting Files/Info.plist";
				LD_RUNPATH_SEARCH_PATHS = (
					"$(inherited)",
					"@executable_path/Frameworks",
				);
				PRODUCT_BUNDLE_IDENTIFIER = "com.chhaileng.articleapp-shortcourse";
				PRODUCT_NAME = "$(TARGET_NAME)";
				PROVISIONING_PROFILE_SPECIFIER = ArticleApp;
				SWIFT_VERSION = 4.2;
				TARGETED_DEVICE_FAMILY = "1,2";
			};
			name = Debug;
		};
		077F08722206854700C23293 /* Release */ = {
			isa = XCBuildConfiguration;
			baseConfigurationReference = 0F3FD6FA27E114445B0DD6A9 /* Pods-ArticleApp.release.xcconfig */;
			buildSettings = {
				ASSETCATALOG_COMPILER_APPICON_NAME = AppIcon;
				CODE_SIGN_IDENTITY = "iPhone Distribution";
				CODE_SIGN_STYLE = Manual;
				DEVELOPMENT_TEAM = 6KKG8KF8QM;
				INFOPLIST_FILE = "$(SRCROOT)/ArticleApp/Supporting Files/Info.plist";
				LD_RUNPATH_SEARCH_PATHS = (
					"$(inherited)",
					"@executable_path/Frameworks",
				);
				PRODUCT_BUNDLE_IDENTIFIER = "com.chhaileng.articleapp-shortcourse";
				PRODUCT_NAME = "$(TARGET_NAME)";
				PROVISIONING_PROFILE_SPECIFIER = ArticleApp;
				SWIFT_VERSION = 4.2;
				TARGETED_DEVICE_FAMILY = "1,2";
			};
			name = Release;
		};
/* End XCBuildConfiguration section */

/* Begin XCConfigurationList section */
		077F08592206854500C23293 /* Build configuration list for PBXProject "ArticleApp" */ = {
			isa = XCConfigurationList;
			buildConfigurations = (
				077F086E2206854700C23293 /* Debug */,
				077F086F2206854700C23293 /* Release */,
			);
			defaultConfigurationIsVisible = 0;
			defaultConfigurationName = Release;
		};
		077F08702206854700C23293 /* Build configuration list for PBXNativeTarget "ArticleApp" */ = {
			isa = XCConfigurationList;
			buildConfigurations = (
				077F08712206854700C23293 /* Debug */,
				077F08722206854700C23293 /* Release */,
			);
			defaultConfigurationIsVisible = 0;
			defaultConfigurationName = Release;
		};
/* End XCConfigurationList section */
	};
	rootObject = 077F08562206854500C23293 /* Project object */;
}
